// !$*UTF8*$!
{
	archiveVersion = 1;
	classes = {
	};
	objectVersion = 50;
	objects = {

/* Begin PBXBuildFile section */
		A2FE4F0226E797C70065EFA9 /* AppDelegate.swift in Sources */ = {isa = PBXBuildFile; fileRef = A2FE4F0126E797C70065EFA9 /* AppDelegate.swift */; };
		A2FE4F0426E797C70065EFA9 /* SceneDelegate.swift in Sources */ = {isa = PBXBuildFile; fileRef = A2FE4F0326E797C70065EFA9 /* SceneDelegate.swift */; };
		A2FE4F0626E797C70065EFA9 /* ViewController.swift in Sources */ = {isa = PBXBuildFile; fileRef = A2FE4F0526E797C70065EFA9 /* ViewController.swift */; };
		A2FE4F0926E797C70065EFA9 /* Main.storyboard in Resources */ = {isa = PBXBuildFile; fileRef = A2FE4F0726E797C70065EFA9 /* Main.storyboard */; };
		A2FE4F0B26E797C90065EFA9 /* Assets.xcassets in Resources */ = {isa = PBXBuildFile; fileRef = A2FE4F0A26E797C90065EFA9 /* Assets.xcassets */; };
		A2FE4F0E26E797C90065EFA9 /* LaunchScreen.storyboard in Resources */ = {isa = PBXBuildFile; fileRef = A2FE4F0C26E797C90065EFA9 /* LaunchScreen.storyboard */; };
		A2FE4F1926E797CA0065EFA9 /* GitHubTestTests.swift in Sources */ = {isa = PBXBuildFile; fileRef = A2FE4F1826E797CA0065EFA9 /* GitHubTestTests.swift */; };
		A2FE4F2426E797CA0065EFA9 /* GitHubTestUITests.swift in Sources */ = {isa = PBXBuildFile; fileRef = A2FE4F2326E797CA0065EFA9 /* GitHubTestUITests.swift */; };
/* End PBXBuildFile section */

/* Begin PBXContainerItemProxy section */
		A2FE4F1526E797CA0065EFA9 /* PBXContainerItemProxy */ = {
			isa = PBXContainerItemProxy;
			containerPortal = A2FE4EF626E797C70065EFA9 /* Project object */;
			proxyType = 1;
			remoteGlobalIDString = A2FE4EFD26E797C70065EFA9;
			remoteInfo = GitHubTest;
		};
		A2FE4F2026E797CA0065EFA9 /* PBXContainerItemProxy */ = {
			isa = PBXContainerItemProxy;
			containerPortal = A2FE4EF626E797C70065EFA9 /* Project object */;
			proxyType = 1;
			remoteGlobalIDString = A2FE4EFD26E797C70065EFA9;
			remoteInfo = GitHubTest;
		};
/* End PBXContainerItemProxy section */

/* Begin PBXFileReference section */
		A2FE4EFE26E797C70065EFA9 /* GitHubTest.app */ = {isa = PBXFileReference; explicitFileType = wrapper.application; includeInIndex = 0; path = GitHubTest.app; sourceTree = BUILT_PRODUCTS_DIR; };
		A2FE4F0126E797C70065EFA9 /* AppDelegate.swift */ = {isa = PBXFileReference; lastKnownFileType = sourcecode.swift; path = AppDelegate.swift; sourceTree = "<group>"; };
		A2FE4F0326E797C70065EFA9 /* SceneDelegate.swift */ = {isa = PBXFileReference; lastKnownFileType = sourcecode.swift; path = SceneDelegate.swift; sourceTree = "<group>"; };
		A2FE4F0526E797C70065EFA9 /* ViewController.swift */ = {isa = PBXFileReference; lastKnownFileType = sourcecode.swift; path = ViewController.swift; sourceTree = "<group>"; };
		A2FE4F0826E797C70065EFA9 /* Base */ = {isa = PBXFileReference; lastKnownFileType = file.storyboard; name = Base; path = Base.lproj/Main.storyboard; sourceTree = "<group>"; };
		A2FE4F0A26E797C90065EFA9 /* Assets.xcassets */ = {isa = PBXFileReference; lastKnownFileType = folder.assetcatalog; path = Assets.xcassets; sourceTree = "<group>"; };
		A2FE4F0D26E797C90065EFA9 /* Base */ = {isa = PBXFileReference; lastKnownFileType = file.storyboard; name = Base; path = Base.lproj/LaunchScreen.storyboard; sourceTree = "<group>"; };
		A2FE4F0F26E797C90065EFA9 /* Info.plist */ = {isa = PBXFileReference; lastKnownFileType = text.plist.xml; path = Info.plist; sourceTree = "<group>"; };
		A2FE4F1426E797CA0065EFA9 /* GitHubTestTests.xctest */ = {isa = PBXFileReference; explicitFileType = wrapper.cfbundle; includeInIndex = 0; path = GitHubTestTests.xctest; sourceTree = BUILT_PRODUCTS_DIR; };
		A2FE4F1826E797CA0065EFA9 /* GitHubTestTests.swift */ = {isa = PBXFileReference; lastKnownFileType = sourcecode.swift; path = GitHubTestTests.swift; sourceTree = "<group>"; };
		A2FE4F1A26E797CA0065EFA9 /* Info.plist */ = {isa = PBXFileReference; lastKnownFileType = text.plist.xml; path = Info.plist; sourceTree = "<group>"; };
		A2FE4F1F26E797CA0065EFA9 /* GitHubTestUITests.xctest */ = {isa = PBXFileReference; explicitFileType = wrapper.cfbundle; includeInIndex = 0; path = GitHubTestUITests.xctest; sourceTree = BUILT_PRODUCTS_DIR; };
		A2FE4F2326E797CA0065EFA9 /* GitHubTestUITests.swift */ = {isa = PBXFileReference; lastKnownFileType = sourcecode.swift; path = GitHubTestUITests.swift; sourceTree = "<group>"; };
		A2FE4F2526E797CA0065EFA9 /* Info.plist */ = {isa = PBXFileReference; lastKnownFileType = text.plist.xml; path = Info.plist; sourceTree = "<group>"; };
/* End PBXFileReference section */

/* Begin PBXFrameworksBuildPhase section */
		A2FE4EFB26E797C70065EFA9 /* Frameworks */ = {
			isa = PBXFrameworksBuildPhase;
			buildActionMask = 2147483647;
			files = (
			);
			runOnlyForDeploymentPostprocessing = 0;
		};
		A2FE4F1126E797CA0065EFA9 /* Frameworks */ = {
			isa = PBXFrameworksBuildPhase;
			buildActionMask = 2147483647;
			files = (
			);
			runOnlyForDeploymentPostprocessing = 0;
		};
		A2FE4F1C26E797CA0065EFA9 /* Frameworks */ = {
			isa = PBXFrameworksBuildPhase;
			buildActionMask = 2147483647;
			files = (
			);
			runOnlyForDeploymentPostprocessing = 0;
		};
/* End PBXFrameworksBuildPhase section */

/* Begin PBXGroup section */
		A2FE4EF526E797C70065EFA9 = {
			isa = PBXGroup;
			children = (
				A2FE4F0026E797C70065EFA9 /* GitHubTest */,
				A2FE4F1726E797CA0065EFA9 /* GitHubTestTests */,
				A2FE4F2226E797CA0065EFA9 /* GitHubTestUITests */,
				A2FE4EFF26E797C70065EFA9 /* Products */,
			);
			sourceTree = "<group>";
		};
		A2FE4EFF26E797C70065EFA9 /* Products */ = {
			isa = PBXGroup;
			children = (
				A2FE4EFE26E797C70065EFA9 /* GitHubTest.app */,
				A2FE4F1426E797CA0065EFA9 /* GitHubTestTests.xctest */,
				A2FE4F1F26E797CA0065EFA9 /* GitHubTestUITests.xctest */,
			);
			name = Products;
			sourceTree = "<group>";
		};
		A2FE4F0026E797C70065EFA9 /* GitHubTest */ = {
			isa = PBXGroup;
			children = (
				A2FE4F0126E797C70065EFA9 /* AppDelegate.swift */,
				A2FE4F0326E797C70065EFA9 /* SceneDelegate.swift */,
				A2FE4F0526E797C70065EFA9 /* ViewController.swift */,
				A2FE4F0726E797C70065EFA9 /* Main.storyboard */,
				A2FE4F0A26E797C90065EFA9 /* Assets.xcassets */,
				A2FE4F0C26E797C90065EFA9 /* LaunchScreen.storyboard */,
				A2FE4F0F26E797C90065EFA9 /* Info.plist */,
			);
			path = GitHubTest;
			sourceTree = "<group>";
		};
		A2FE4F1726E797CA0065EFA9 /* GitHubTestTests */ = {
			isa = PBXGroup;
			children = (
				A2FE4F1826E797CA0065EFA9 /* GitHubTestTests.swift */,
				A2FE4F1A26E797CA0065EFA9 /* Info.plist */,
			);
			path = GitHubTestTests;
			sourceTree = "<group>";
		};
		A2FE4F2226E797CA0065EFA9 /* GitHubTestUITests */ = {
			isa = PBXGroup;
			children = (
				A2FE4F2326E797CA0065EFA9 /* GitHubTestUITests.swift */,
				A2FE4F2526E797CA0065EFA9 /* Info.plist */,
			);
			path = GitHubTestUITests;
			sourceTree = "<group>";
		};
/* End PBXGroup section */

/* Begin PBXNativeTarget section */
		A2FE4EFD26E797C70065EFA9 /* GitHubTest */ = {
			isa = PBXNativeTarget;
			buildConfigurationList = A2FE4F2826E797CA0065EFA9 /* Build configuration list for PBXNativeTarget "GitHubTest" */;
			buildPhases = (
				A2FE4EFA26E797C70065EFA9 /* Sources */,
				A2FE4EFB26E797C70065EFA9 /* Frameworks */,
				A2FE4EFC26E797C70065EFA9 /* Resources */,
			);
			buildRules = (
			);
			dependencies = (
			);
			name = GitHubTest;
			productName = GitHubTest;
			productReference = A2FE4EFE26E797C70065EFA9 /* GitHubTest.app */;
			productType = "com.apple.product-type.application";
		};
		A2FE4F1326E797CA0065EFA9 /* GitHubTestTests */ = {
			isa = PBXNativeTarget;
			buildConfigurationList = A2FE4F2B26E797CA0065EFA9 /* Build configuration list for PBXNativeTarget "GitHubTestTests" */;
			buildPhases = (
				A2FE4F1026E797CA0065EFA9 /* Sources */,
				A2FE4F1126E797CA0065EFA9 /* Frameworks */,
				A2FE4F1226E797CA0065EFA9 /* Resources */,
			);
			buildRules = (
			);
			dependencies = (
				A2FE4F1626E797CA0065EFA9 /* PBXTargetDependency */,
			);
			name = GitHubTestTests;
			productName = GitHubTestTests;
			productReference = A2FE4F1426E797CA0065EFA9 /* GitHubTestTests.xctest */;
			productType = "com.apple.product-type.bundle.unit-test";
		};
		A2FE4F1E26E797CA0065EFA9 /* GitHubTestUITests */ = {
			isa = PBXNativeTarget;
			buildConfigurationList = A2FE4F2E26E797CA0065EFA9 /* Build configuration list for PBXNativeTarget "GitHubTestUITests" */;
			buildPhases = (
				A2FE4F1B26E797CA0065EFA9 /* Sources */,
				A2FE4F1C26E797CA0065EFA9 /* Frameworks */,
				A2FE4F1D26E797CA0065EFA9 /* Resources */,
			);
			buildRules = (
			);
			dependencies = (
				A2FE4F2126E797CA0065EFA9 /* PBXTargetDependency */,
			);
			name = GitHubTestUITests;
			productName = GitHubTestUITests;
			productReference = A2FE4F1F26E797CA0065EFA9 /* GitHubTestUITests.xctest */;
			productType = "com.apple.product-type.bundle.ui-testing";
		};
/* End PBXNativeTarget section */

/* Begin PBXProject section */
		A2FE4EF626E797C70065EFA9 /* Project object */ = {
			isa = PBXProject;
			attributes = {
				LastSwiftUpdateCheck = 1250;
				LastUpgradeCheck = 1250;
				TargetAttributes = {
					A2FE4EFD26E797C70065EFA9 = {
						CreatedOnToolsVersion = 12.5.1;
					};
					A2FE4F1326E797CA0065EFA9 = {
						CreatedOnToolsVersion = 12.5.1;
						TestTargetID = A2FE4EFD26E797C70065EFA9;
					};
					A2FE4F1E26E797CA0065EFA9 = {
						CreatedOnToolsVersion = 12.5.1;
						TestTargetID = A2FE4EFD26E797C70065EFA9;
					};
				};
			};
			buildConfigurationList = A2FE4EF926E797C70065EFA9 /* Build configuration list for PBXProject "GitHubTest" */;
			compatibilityVersion = "Xcode 9.3";
			developmentRegion = en;
			hasScannedForEncodings = 0;
			knownRegions = (
				en,
				Base,
			);
			mainGroup = A2FE4EF526E797C70065EFA9;
			productRefGroup = A2FE4EFF26E797C70065EFA9 /* Products */;
			projectDirPath = "";
			projectRoot = "";
			targets = (
				A2FE4EFD26E797C70065EFA9 /* GitHubTest */,
				A2FE4F1326E797CA0065EFA9 /* GitHubTestTests */,
				A2FE4F1E26E797CA0065EFA9 /* GitHubTestUITests */,
			);
		};
/* End PBXProject section */

/* Begin PBXResourcesBuildPhase section */
		A2FE4EFC26E797C70065EFA9 /* Resources */ = {
			isa = PBXResourcesBuildPhase;
			buildActionMask = 2147483647;
			files = (
				A2FE4F0E26E797C90065EFA9 /* LaunchScreen.storyboard in Resources */,
				A2FE4F0B26E797C90065EFA9 /* Assets.xcassets in Resources */,
				A2FE4F0926E797C70065EFA9 /* Main.storyboard in Resources */,
			);
			runOnlyForDeploymentPostprocessing = 0;
		};
		A2FE4F1226E797CA0065EFA9 /* Resources */ = {
			isa = PBXResourcesBuildPhase;
			buildActionMask = 2147483647;
			files = (
			);
			runOnlyForDeploymentPostprocessing = 0;
		};
		A2FE4F1D26E797CA0065EFA9 /* Resources */ = {
			isa = PBXResourcesBuildPhase;
			buildActionMask = 2147483647;
			files = (
			);
			runOnlyForDeploymentPostprocessing = 0;
		};
/* End PBXResourcesBuildPhase section */

/* Begin PBXSourcesBuildPhase section */
		A2FE4EFA26E797C70065EFA9 /* Sources */ = {
			isa = PBXSourcesBuildPhase;
			buildActionMask = 2147483647;
			files = (
				A2FE4F0626E797C70065EFA9 /* ViewController.swift in Sources */,
				A2FE4F0226E797C70065EFA9 /* AppDelegate.swift in Sources */,
				A2FE4F0426E797C70065EFA9 /* SceneDelegate.swift in Sources */,
			);
			runOnlyForDeploymentPostprocessing = 0;
		};
		A2FE4F1026E797CA0065EFA9 /* Sources */ = {
			isa = PBXSourcesBuildPhase;
			buildActionMask = 2147483647;
			files = (
				A2FE4F1926E797CA0065EFA9 /* GitHubTestTests.swift in Sources */,
			);
			runOnlyForDeploymentPostprocessing = 0;
		};
		A2FE4F1B26E797CA0065EFA9 /* Sources */ = {
			isa = PBXSourcesBuildPhase;
			buildActionMask = 2147483647;
			files = (
				A2FE4F2426E797CA0065EFA9 /* GitHubTestUITests.swift in Sources */,
			);
			runOnlyForDeploymentPostprocessing = 0;
		};
/* End PBXSourcesBuildPhase section */

/* Begin PBXTargetDependency section */
		A2FE4F1626E797CA0065EFA9 /* PBXTargetDependency */ = {
			isa = PBXTargetDependency;
			target = A2FE4EFD26E797C70065EFA9 /* GitHubTest */;
			targetProxy = A2FE4F1526E797CA0065EFA9 /* PBXContainerItemProxy */;
		};
		A2FE4F2126E797CA0065EFA9 /* PBXTargetDependency */ = {
			isa = PBXTargetDependency;
			target = A2FE4EFD26E797C70065EFA9 /* GitHubTest */;
			targetProxy = A2FE4F2026E797CA0065EFA9 /* PBXContainerItemProxy */;
		};
/* End PBXTargetDependency section */

/* Begin PBXVariantGroup section */
		A2FE4F0726E797C70065EFA9 /* Main.storyboard */ = {
			isa = PBXVariantGroup;
			children = (
				A2FE4F0826E797C70065EFA9 /* Base */,
			);
			name = Main.storyboard;
			sourceTree = "<group>";
		};
		A2FE4F0C26E797C90065EFA9 /* LaunchScreen.storyboard */ = {
			isa = PBXVariantGroup;
			children = (
				A2FE4F0D26E797C90065EFA9 /* Base */,
			);
			name = LaunchScreen.storyboard;
			sourceTree = "<group>";
		};
/* End PBXVariantGroup section */

/* Begin XCBuildConfiguration section */
		A2FE4F2626E797CA0065EFA9 /* Debug */ = {
			isa = XCBuildConfiguration;
			buildSettings = {
				ALWAYS_SEARCH_USER_PATHS = NO;
				CLANG_ANALYZER_NONNULL = YES;
				CLANG_ANALYZER_NUMBER_OBJECT_CONVERSION = YES_AGGRESSIVE;
				CLANG_CXX_LANGUAGE_STANDARD = "gnu++14";
				CLANG_CXX_LIBRARY = "libc++";
				CLANG_ENABLE_MODULES = YES;
				CLANG_ENABLE_OBJC_ARC = YES;
				CLANG_ENABLE_OBJC_WEAK = YES;
				CLANG_WARN_BLOCK_CAPTURE_AUTORELEASING = YES;
				CLANG_WARN_BOOL_CONVERSION = YES;
				CLANG_WARN_COMMA = YES;
				CLANG_WARN_CONSTANT_CONVERSION = YES;
				CLANG_WARN_DEPRECATED_OBJC_IMPLEMENTATIONS = YES;
				CLANG_WARN_DIRECT_OBJC_ISA_USAGE = YES_ERROR;
				CLANG_WARN_DOCUMENTATION_COMMENTS = YES;
				CLANG_WARN_EMPTY_BODY = YES;
				CLANG_WARN_ENUM_CONVERSION = YES;
				CLANG_WARN_INFINITE_RECURSION = YES;
				CLANG_WARN_INT_CONVERSION = YES;
				CLANG_WARN_NON_LITERAL_NULL_CONVERSION = YES;
				CLANG_WARN_OBJC_IMPLICIT_RETAIN_SELF = YES;
				CLANG_WARN_OBJC_LITERAL_CONVERSION = YES;
				CLANG_WARN_OBJC_ROOT_CLASS = YES_ERROR;
				CLANG_WARN_QUOTED_INCLUDE_IN_FRAMEWORK_HEADER = YES;
				CLANG_WARN_RANGE_LOOP_ANALYSIS = YES;
				CLANG_WARN_STRICT_PROTOTYPES = YES;
				CLANG_WARN_SUSPICIOUS_MOVE = YES;
				CLANG_WARN_UNGUARDED_AVAILABILITY = YES_AGGRESSIVE;
				CLANG_WARN_UNREACHABLE_CODE = YES;
				CLANG_WARN__DUPLICATE_METHOD_MATCH = YES;
				COPY_PHASE_STRIP = NO;
				DEBUG_INFORMATION_FORMAT = dwarf;
				ENABLE_STRICT_OBJC_MSGSEND = YES;
				ENABLE_TESTABILITY = YES;
				GCC_C_LANGUAGE_STANDARD = gnu11;
				GCC_DYNAMIC_NO_PIC = NO;
				GCC_NO_COMMON_BLOCKS = YES;
				GCC_OPTIMIZATION_LEVEL = 0;
				GCC_PREPROCESSOR_DEFINITIONS = (
					"DEBUG=1",
					"$(inherited)",
				);
				GCC_WARN_64_TO_32_BIT_CONVERSION = YES;
				GCC_WARN_ABOUT_RETURN_TYPE = YES_ERROR;
				GCC_WARN_UNDECLARED_SELECTOR = YES;
				GCC_WARN_UNINITIALIZED_AUTOS = YES_AGGRESSIVE;
				GCC_WARN_UNUSED_FUNCTION = YES;
				GCC_WARN_UNUSED_VARIABLE = YES;
				IPHONEOS_DEPLOYMENT_TARGET = 14.5;
				MTL_ENABLE_DEBUG_INFO = INCLUDE_SOURCE;
				MTL_FAST_MATH = YES;
				ONLY_ACTIVE_ARCH = YES;
				SDKROOT = iphoneos;
				SWIFT_ACTIVE_COMPILATION_CONDITIONS = DEBUG;
				SWIFT_OPTIMIZATION_LEVEL = "-Onone";
			};
			name = Debug;
		};
		A2FE4F2726E797CA0065EFA9 /* Release */ = {
			isa = XCBuildConfiguration;
			buildSettings = {
				ALWAYS_SEARCH_USER_PATHS = NO;
				CLANG_ANALYZER_NONNULL = YES;
				CLANG_ANALYZER_NUMBER_OBJECT_CONVERSION = YES_AGGRESSIVE;
				CLANG_CXX_LANGUAGE_STANDARD = "gnu++14";
				CLANG_CXX_LIBRARY = "libc++";
				CLANG_ENABLE_MODULES = YES;
				CLANG_ENABLE_OBJC_ARC = YES;
				CLANG_ENABLE_OBJC_WEAK = YES;
				CLANG_WARN_BLOCK_CAPTURE_AUTORELEASING = YES;
				CLANG_WARN_BOOL_CONVERSION = YES;
				CLANG_WARN_COMMA = YES;
				CLANG_WARN_CONSTANT_CONVERSION = YES;
				CLANG_WARN_DEPRECATED_OBJC_IMPLEMENTATIONS = YES;
				CLANG_WARN_DIRECT_OBJC_ISA_USAGE = YES_ERROR;
				CLANG_WARN_DOCUMENTATION_COMMENTS = YES;
				CLANG_WARN_EMPTY_BODY = YES;
				CLANG_WARN_ENUM_CONVERSION = YES;
				CLANG_WARN_INFINITE_RECURSION = YES;
				CLANG_WARN_INT_CONVERSION = YES;
				CLANG_WARN_NON_LITERAL_NULL_CONVERSION = YES;
				CLANG_WARN_OBJC_IMPLICIT_RETAIN_SELF = YES;
				CLANG_WARN_OBJC_LITERAL_CONVERSION = YES;
				CLANG_WARN_OBJC_ROOT_CLASS = YES_ERROR;
				CLANG_WARN_QUOTED_INCLUDE_IN_FRAMEWORK_HEADER = YES;
				CLANG_WARN_RANGE_LOOP_ANALYSIS = YES;
				CLANG_WARN_STRICT_PROTOTYPES = YES;
				CLANG_WARN_SUSPICIOUS_MOVE = YES;
				CLANG_WARN_UNGUARDED_AVAILABILITY = YES_AGGRESSIVE;
				CLANG_WARN_UNREACHABLE_CODE = YES;
				CLANG_WARN__DUPLICATE_METHOD_MATCH = YES;
				COPY_PHASE_STRIP = NO;
				DEBUG_INFORMATION_FORMAT = "dwarf-with-dsym";
				ENABLE_NS_ASSERTIONS = NO;
				ENABLE_STRICT_OBJC_MSGSEND = YES;
				GCC_C_LANGUAGE_STANDARD = gnu11;
				GCC_NO_COMMON_BLOCKS = YES;
				GCC_WARN_64_TO_32_BIT_CONVERSION = YES;
				GCC_WARN_ABOUT_RETURN_TYPE = YES_ERROR;
				GCC_WARN_UNDECLARED_SELECTOR = YES;
				GCC_WARN_UNINITIALIZED_AUTOS = YES_AGGRESSIVE;
				GCC_WARN_UNUSED_FUNCTION = YES;
				GCC_WARN_UNUSED_VARIABLE = YES;
				IPHONEOS_DEPLOYMENT_TARGET = 14.5;
				MTL_ENABLE_DEBUG_INFO = NO;
				MTL_FAST_MATH = YES;
				SDKROOT = iphoneos;
				SWIFT_COMPILATION_MODE = wholemodule;
				SWIFT_OPTIMIZATION_LEVEL = "-O";
				VALIDATE_PRODUCT = YES;
			};
			name = Release;
		};
		A2FE4F2926E797CA0065EFA9 /* Debug */ = {
			isa = XCBuildConfiguration;
			buildSettings = {
				ASSETCATALOG_COMPILER_APPICON_NAME = AppIcon;
				ASSETCATALOG_COMPILER_GLOBAL_ACCENT_COLOR_NAME = AccentColor;
				CODE_SIGN_STYLE = Automatic;
				INFOPLIST_FILE = GitHubTest/Info.plist;
				LD_RUNPATH_SEARCH_PATHS = (
					"$(inherited)",
					"@executable_path/Frameworks",
				);
				PRODUCT_BUNDLE_IDENTIFIER = com.csatves.GitHubTest;
				PRODUCT_NAME = "$(TARGET_NAME)";
				SWIFT_VERSION = 5.0;
				TARGETED_DEVICE_FAMILY = "1,2";
			};
			name = Debug;
		};
		A2FE4F2A26E797CA0065EFA9 /* Release */ = {
			isa = XCBuildConfiguration;
			buildSettings = {
				ASSETCATALOG_COMPILER_APPICON_NAME = AppIcon;
				ASSETCATALOG_COMPILER_GLOBAL_ACCENT_COLOR_NAME = AccentColor;
				CODE_SIGN_STYLE = Automatic;
				INFOPLIST_FILE = GitHubTest/Info.plist;
				LD_RUNPATH_SEARCH_PATHS = (
					"$(inherited)",
					"@executable_path/Frameworks",
				);
				PRODUCT_BUNDLE_IDENTIFIER = com.csatves.GitHubTest;
				PRODUCT_NAME = "$(TARGET_NAME)";
				SWIFT_VERSION = 5.0;
				TARGETED_DEVICE_FAMILY = "1,2";
			};
			name = Release;
		};
		A2FE4F2C26E797CA0065EFA9 /* Debug */ = {
			isa = XCBuildConfiguration;
			buildSettings = {
				ALWAYS_EMBED_SWIFT_STANDARD_LIBRARIES = YES;
				BUNDLE_LOADER = "$(TEST_HOST)";
				CODE_SIGN_STYLE = Automatic;
				INFOPLIST_FILE = GitHubTestTests/Info.plist;
				IPHONEOS_DEPLOYMENT_TARGET = 14.5;
				LD_RUNPATH_SEARCH_PATHS = (
					"$(inherited)",
					"@executable_path/Frameworks",
					"@loader_path/Frameworks",
				);
				PRODUCT_BUNDLE_IDENTIFIER = com.csatves.GitHubTestTests;
				PRODUCT_NAME = "$(TARGET_NAME)";
				SWIFT_VERSION = 5.0;
				TARGETED_DEVICE_FAMILY = "1,2";
				TEST_HOST = "$(BUILT_PRODUCTS_DIR)/GitHubTest.app/GitHubTest";
			};
			name = Debug;
		};
		A2FE4F2D26E797CA0065EFA9 /* Release */ = {
			isa = XCBuildConfiguration;
			buildSettings = {
				ALWAYS_EMBED_SWIFT_STANDARD_LIBRARIES = YES;
				BUNDLE_LOADER = "$(TEST_HOST)";
				CODE_SIGN_STYLE = Automatic;
				INFOPLIST_FILE = GitHubTestTests/Info.plist;
				IPHONEOS_DEPLOYMENT_TARGET = 14.5;
				LD_RUNPATH_SEARCH_PATHS = (
					"$(inherited)",
					"@executable_path/Frameworks",
					"@loader_path/Frameworks",
				);
				PRODUCT_BUNDLE_IDENTIFIER = com.csatves.GitHubTestTests;
				PRODUCT_NAME = "$(TARGET_NAME)";
				SWIFT_VERSION = 5.0;
				TARGETED_DEVICE_FAMILY = "1,2";
				TEST_HOST = "$(BUILT_PRODUCTS_DIR)/GitHubTest.app/GitHubTest";
			};
			name = Release;
		};
		A2FE4F2F26E797CA0065EFA9 /* Debug */ = {
			isa = XCBuildConfiguration;
			buildSettings = {
				ALWAYS_EMBED_SWIFT_STANDARD_LIBRARIES = YES;
				CODE_SIGN_STYLE = Automatic;
				INFOPLIST_FILE = GitHubTestUITests/Info.plist;
				LD_RUNPATH_SEARCH_PATHS = (
					"$(inherited)",
					"@executable_path/Frameworks",
					"@loader_path/Frameworks",
				);
				PRODUCT_BUNDLE_IDENTIFIER = com.csatves.GitHubTestUITests;
				PRODUCT_NAME = "$(TARGET_NAME)";
				SWIFT_VERSION = 5.0;
				TARGETED_DEVICE_FAMILY = "1,2";
				TEST_TARGET_NAME = GitHubTest;
			};
			name = Debug;
		};
		A2FE4F3026E797CA0065EFA9 /* Release */ = {
			isa = XCBuildConfiguration;
			buildSettings = {
				ALWAYS_EMBED_SWIFT_STANDARD_LIBRARIES = YES;
				CODE_SIGN_STYLE = Automatic;
				INFOPLIST_FILE = GitHubTestUITests/Info.plist;
				LD_RUNPATH_SEARCH_PATHS = (
					"$(inherited)",
					"@executable_path/Frameworks",
					"@loader_path/Frameworks",
				);
				PRODUCT_BUNDLE_IDENTIFIER = com.csatves.GitHubTestUITests;
				PRODUCT_NAME = "$(TARGET_NAME)";
				SWIFT_VERSION = 5.0;
				TARGETED_DEVICE_FAMILY = "1,2";
				TEST_TARGET_NAME = GitHubTest;
			};
			name = Release;
		};
/* End XCBuildConfiguration section */

/* Begin XCConfigurationList section */
		A2FE4EF926E797C70065EFA9 /* Build configuration list for PBXProject "GitHubTest" */ = {
			isa = XCConfigurationList;
			buildConfigurations = (
				A2FE4F2626E797CA0065EFA9 /* Debug */,
				A2FE4F2726E797CA0065EFA9 /* Release */,
			);
			defaultConfigurationIsVisible = 0;
			defaultConfigurationName = Release;
		};
		A2FE4F2826E797CA0065EFA9 /* Build configuration list for PBXNativeTarget "GitHubTest" */ = {
			isa = XCConfigurationList;
			buildConfigurations = (
				A2FE4F2926E797CA0065EFA9 /* Debug */,
				A2FE4F2A26E797CA0065EFA9 /* Release */,
			);
			defaultConfigurationIsVisible = 0;
			defaultConfigurationName = Release;
		};
		A2FE4F2B26E797CA0065EFA9 /* Build configuration list for PBXNativeTarget "GitHubTestTests" */ = {
			isa = XCConfigurationList;
			buildConfigurations = (
				A2FE4F2C26E797CA0065EFA9 /* Debug */,
				A2FE4F2D26E797CA0065EFA9 /* Release */,
			);
			defaultConfigurationIsVisible = 0;
			defaultConfigurationName = Release;
		};
		A2FE4F2E26E797CA0065EFA9 /* Build configuration list for PBXNativeTarget "GitHubTestUITests" */ = {
			isa = XCConfigurationList;
			buildConfigurations = (
				A2FE4F2F26E797CA0065EFA9 /* Debug */,
				A2FE4F3026E797CA0065EFA9 /* Release */,
			);
			defaultConfigurationIsVisible = 0;
			defaultConfigurationName = Release;
		};
/* End XCConfigurationList section */
	};
	rootObject = A2FE4EF626E797C70065EFA9 /* Project object */;
}
